// !$*UTF8*$!
{
	archiveVersion = 1;
	classes = {
	};
	objectVersion = 46;
	objects = {

/* Begin PBXBuildFile section */
		06FBAF3A1C6E147F0037BCCC /* AppDelegate.swift in Sources */ = {isa = PBXBuildFile; fileRef = 06FBAF391C6E147F0037BCCC /* AppDelegate.swift */; };
		06FBAF3C1C6E147F0037BCCC /* ViewController.swift in Sources */ = {isa = PBXBuildFile; fileRef = 06FBAF3B1C6E147F0037BCCC /* ViewController.swift */; };
		06FBAF3F1C6E147F0037BCCC /* Main.storyboard in Resources */ = {isa = PBXBuildFile; fileRef = 06FBAF3D1C6E147F0037BCCC /* Main.storyboard */; };
		06FBAF411C6E147F0037BCCC /* Assets.xcassets in Resources */ = {isa = PBXBuildFile; fileRef = 06FBAF401C6E147F0037BCCC /* Assets.xcassets */; };
		06FBAF441C6E147F0037BCCC /* LaunchScreen.storyboard in Resources */ = {isa = PBXBuildFile; fileRef = 06FBAF421C6E147F0037BCCC /* LaunchScreen.storyboard */; };
		06FBAF4F1C6E147F0037BCCC /* PhotoMasterTests.swift in Sources */ = {isa = PBXBuildFile; fileRef = 06FBAF4E1C6E147F0037BCCC /* PhotoMasterTests.swift */; };
		06FBAF5A1C6E147F0037BCCC /* PhotoMasterUITests.swift in Sources */ = {isa = PBXBuildFile; fileRef = 06FBAF591C6E147F0037BCCC /* PhotoMasterUITests.swift */; };
/* End PBXBuildFile section */

/* Begin PBXContainerItemProxy section */
		06FBAF4B1C6E147F0037BCCC /* PBXContainerItemProxy */ = {
			isa = PBXContainerItemProxy;
			containerPortal = 06FBAF2E1C6E147F0037BCCC /* Project object */;
			proxyType = 1;
			remoteGlobalIDString = 06FBAF351C6E147F0037BCCC;
			remoteInfo = PhotoMaster;
		};
		06FBAF561C6E147F0037BCCC /* PBXContainerItemProxy */ = {
			isa = PBXContainerItemProxy;
			containerPortal = 06FBAF2E1C6E147F0037BCCC /* Project object */;
			proxyType = 1;
			remoteGlobalIDString = 06FBAF351C6E147F0037BCCC;
			remoteInfo = PhotoMaster;
		};
/* End PBXContainerItemProxy section */

/* Begin PBXFileReference section */
		06FBAF361C6E147F0037BCCC /* PhotoMaster.app */ = {isa = PBXFileReference; explicitFileType = wrapper.application; includeInIndex = 0; path = PhotoMaster.app; sourceTree = BUILT_PRODUCTS_DIR; };
		06FBAF391C6E147F0037BCCC /* AppDelegate.swift */ = {isa = PBXFileReference; lastKnownFileType = sourcecode.swift; path = AppDelegate.swift; sourceTree = "<group>"; };
		06FBAF3B1C6E147F0037BCCC /* ViewController.swift */ = {isa = PBXFileReference; lastKnownFileType = sourcecode.swift; path = ViewController.swift; sourceTree = "<group>"; };
		06FBAF3E1C6E147F0037BCCC /* Base */ = {isa = PBXFileReference; lastKnownFileType = file.storyboard; name = Base; path = Base.lproj/Main.storyboard; sourceTree = "<group>"; };
		06FBAF401C6E147F0037BCCC /* Assets.xcassets */ = {isa = PBXFileReference; lastKnownFileType = folder.assetcatalog; path = Assets.xcassets; sourceTree = "<group>"; };
		06FBAF431C6E147F0037BCCC /* Base */ = {isa = PBXFileReference; lastKnownFileType = file.storyboard; name = Base; path = Base.lproj/LaunchScreen.storyboard; sourceTree = "<group>"; };
		06FBAF451C6E147F0037BCCC /* Info.plist */ = {isa = PBXFileReference; lastKnownFileType = text.plist.xml; path = Info.plist; sourceTree = "<group>"; };
		06FBAF4A1C6E147F0037BCCC /* PhotoMasterTests.xctest */ = {isa = PBXFileReference; explicitFileType = wrapper.cfbundle; includeInIndex = 0; path = PhotoMasterTests.xctest; sourceTree = BUILT_PRODUCTS_DIR; };
		06FBAF4E1C6E147F0037BCCC /* PhotoMasterTests.swift */ = {isa = PBXFileReference; lastKnownFileType = sourcecode.swift; path = PhotoMasterTests.swift; sourceTree = "<group>"; };
		06FBAF501C6E147F0037BCCC /* Info.plist */ = {isa = PBXFileReference; lastKnownFileType = text.plist.xml; path = Info.plist; sourceTree = "<group>"; };
		06FBAF551C6E147F0037BCCC /* PhotoMasterUITests.xctest */ = {isa = PBXFileReference; explicitFileType = wrapper.cfbundle; includeInIndex = 0; path = PhotoMasterUITests.xctest; sourceTree = BUILT_PRODUCTS_DIR; };
		06FBAF591C6E147F0037BCCC /* PhotoMasterUITests.swift */ = {isa = PBXFileReference; lastKnownFileType = sourcecode.swift; path = PhotoMasterUITests.swift; sourceTree = "<group>"; };
		06FBAF5B1C6E147F0037BCCC /* Info.plist */ = {isa = PBXFileReference; lastKnownFileType = text.plist.xml; path = Info.plist; sourceTree = "<group>"; };
/* End PBXFileReference section */

/* Begin PBXFrameworksBuildPhase section */
		06FBAF331C6E147F0037BCCC /* Frameworks */ = {
			isa = PBXFrameworksBuildPhase;
			buildActionMask = 2147483647;
			files = (
			);
			runOnlyForDeploymentPostprocessing = 0;
		};
		06FBAF471C6E147F0037BCCC /* Frameworks */ = {
			isa = PBXFrameworksBuildPhase;
			buildActionMask = 2147483647;
			files = (
			);
			runOnlyForDeploymentPostprocessing = 0;
		};
		06FBAF521C6E147F0037BCCC /* Frameworks */ = {
			isa = PBXFrameworksBuildPhase;
			buildActionMask = 2147483647;
			files = (
			);
			runOnlyForDeploymentPostprocessing = 0;
		};
/* End PBXFrameworksBuildPhase section */

/* Begin PBXGroup section */
		06FBAF2D1C6E147F0037BCCC = {
			isa = PBXGroup;
			children = (
				06FBAF381C6E147F0037BCCC /* PhotoMaster */,
				06FBAF4D1C6E147F0037BCCC /* PhotoMasterTests */,
				06FBAF581C6E147F0037BCCC /* PhotoMasterUITests */,
				06FBAF371C6E147F0037BCCC /* Products */,
			);
			sourceTree = "<group>";
		};
		06FBAF371C6E147F0037BCCC /* Products */ = {
			isa = PBXGroup;
			children = (
				06FBAF361C6E147F0037BCCC /* PhotoMaster.app */,
				06FBAF4A1C6E147F0037BCCC /* PhotoMasterTests.xctest */,
				06FBAF551C6E147F0037BCCC /* PhotoMasterUITests.xctest */,
			);
			name = Products;
			sourceTree = "<group>";
		};
		06FBAF381C6E147F0037BCCC /* PhotoMaster */ = {
			isa = PBXGroup;
			children = (
				06FBAF391C6E147F0037BCCC /* AppDelegate.swift */,
				06FBAF3B1C6E147F0037BCCC /* ViewController.swift */,
				06FBAF3D1C6E147F0037BCCC /* Main.storyboard */,
				06FBAF401C6E147F0037BCCC /* Assets.xcassets */,
				06FBAF421C6E147F0037BCCC /* LaunchScreen.storyboard */,
				06FBAF451C6E147F0037BCCC /* Info.plist */,
			);
			path = PhotoMaster;
			sourceTree = "<group>";
		};
		06FBAF4D1C6E147F0037BCCC /* PhotoMasterTests */ = {
			isa = PBXGroup;
			children = (
				06FBAF4E1C6E147F0037BCCC /* PhotoMasterTests.swift */,
				06FBAF501C6E147F0037BCCC /* Info.plist */,
			);
			path = PhotoMasterTests;
			sourceTree = "<group>";
		};
		06FBAF581C6E147F0037BCCC /* PhotoMasterUITests */ = {
			isa = PBXGroup;
			children = (
				06FBAF591C6E147F0037BCCC /* PhotoMasterUITests.swift */,
				06FBAF5B1C6E147F0037BCCC /* Info.plist */,
			);
			path = PhotoMasterUITests;
			sourceTree = "<group>";
		};
/* End PBXGroup section */

/* Begin PBXNativeTarget section */
		06FBAF351C6E147F0037BCCC /* PhotoMaster */ = {
			isa = PBXNativeTarget;
			buildConfigurationList = 06FBAF5E1C6E147F0037BCCC /* Build configuration list for PBXNativeTarget "PhotoMaster" */;
			buildPhases = (
				06FBAF321C6E147F0037BCCC /* Sources */,
				06FBAF331C6E147F0037BCCC /* Frameworks */,
				06FBAF341C6E147F0037BCCC /* Resources */,
			);
			buildRules = (
			);
			dependencies = (
			);
			name = PhotoMaster;
			productName = PhotoMaster;
			productReference = 06FBAF361C6E147F0037BCCC /* PhotoMaster.app */;
			productType = "com.apple.product-type.application";
		};
		06FBAF491C6E147F0037BCCC /* PhotoMasterTests */ = {
			isa = PBXNativeTarget;
			buildConfigurationList = 06FBAF611C6E147F0037BCCC /* Build configuration list for PBXNativeTarget "PhotoMasterTests" */;
			buildPhases = (
				06FBAF461C6E147F0037BCCC /* Sources */,
				06FBAF471C6E147F0037BCCC /* Frameworks */,
				06FBAF481C6E147F0037BCCC /* Resources */,
			);
			buildRules = (
			);
			dependencies = (
				06FBAF4C1C6E147F0037BCCC /* PBXTargetDependency */,
			);
			name = PhotoMasterTests;
			productName = PhotoMasterTests;
			productReference = 06FBAF4A1C6E147F0037BCCC /* PhotoMasterTests.xctest */;
			productType = "com.apple.product-type.bundle.unit-test";
		};
		06FBAF541C6E147F0037BCCC /* PhotoMasterUITests */ = {
			isa = PBXNativeTarget;
			buildConfigurationList = 06FBAF641C6E147F0037BCCC /* Build configuration list for PBXNativeTarget "PhotoMasterUITests" */;
			buildPhases = (
				06FBAF511C6E147F0037BCCC /* Sources */,
				06FBAF521C6E147F0037BCCC /* Frameworks */,
				06FBAF531C6E147F0037BCCC /* Resources */,
			);
			buildRules = (
			);
			dependencies = (
				06FBAF571C6E147F0037BCCC /* PBXTargetDependency */,
			);
			name = PhotoMasterUITests;
			productName = PhotoMasterUITests;
			productReference = 06FBAF551C6E147F0037BCCC /* PhotoMasterUITests.xctest */;
			productType = "com.apple.product-type.bundle.ui-testing";
		};
/* End PBXNativeTarget section */

/* Begin PBXProject section */
		06FBAF2E1C6E147F0037BCCC /* Project object */ = {
			isa = PBXProject;
			attributes = {
				LastSwiftUpdateCheck = 0720;
				LastUpgradeCheck = 0720;
				ORGANIZATIONNAME = "Yuki Sakata";
				TargetAttributes = {
					06FBAF351C6E147F0037BCCC = {
						CreatedOnToolsVersion = 7.2;
					};
					06FBAF491C6E147F0037BCCC = {
						CreatedOnToolsVersion = 7.2;
						TestTargetID = 06FBAF351C6E147F0037BCCC;
					};
					06FBAF541C6E147F0037BCCC = {
						CreatedOnToolsVersion = 7.2;
						TestTargetID = 06FBAF351C6E147F0037BCCC;
					};
				};
			};
			buildConfigurationList = 06FBAF311C6E147F0037BCCC /* Build configuration list for PBXProject "PhotoMaster" */;
			compatibilityVersion = "Xcode 3.2";
			developmentRegion = English;
			hasScannedForEncodings = 0;
			knownRegions = (
				en,
				Base,
			);
			mainGroup = 06FBAF2D1C6E147F0037BCCC;
			productRefGroup = 06FBAF371C6E147F0037BCCC /* Products */;
			projectDirPath = "";
			projectRoot = "";
			targets = (
				06FBAF351C6E147F0037BCCC /* PhotoMaster */,
				06FBAF491C6E147F0037BCCC /* PhotoMasterTests */,
				06FBAF541C6E147F0037BCCC /* PhotoMasterUITests */,
			);
		};
/* End PBXProject section */

/* Begin PBXResourcesBuildPhase section */
		06FBAF341C6E147F0037BCCC /* Resources */ = {
			isa = PBXResourcesBuildPhase;
			buildActionMask = 2147483647;
			files = (
				06FBAF441C6E147F0037BCCC /* LaunchScreen.storyboard in Resources */,
				06FBAF411C6E147F0037BCCC /* Assets.xcassets in Resources */,
				06FBAF3F1C6E147F0037BCCC /* Main.storyboard in Resources */,
			);
			runOnlyForDeploymentPostprocessing = 0;
		};
		06FBAF481C6E147F0037BCCC /* Resources */ = {
			isa = PBXResourcesBuildPhase;
			buildActionMask = 2147483647;
			files = (
			);
			runOnlyForDeploymentPostprocessing = 0;
		};
		06FBAF531C6E147F0037BCCC /* Resources */ = {
			isa = PBXResourcesBuildPhase;
			buildActionMask = 2147483647;
			files = (
			);
			runOnlyForDeploymentPostprocessing = 0;
		};
/* End PBXResourcesBuildPhase section */

/* Begin PBXSourcesBuildPhase section */
		06FBAF321C6E147F0037BCCC /* Sources */ = {
			isa = PBXSourcesBuildPhase;
			buildActionMask = 2147483647;
			files = (
				06FBAF3C1C6E147F0037BCCC /* ViewController.swift in Sources */,
				06FBAF3A1C6E147F0037BCCC /* AppDelegate.swift in Sources */,
			);
			runOnlyForDeploymentPostprocessing = 0;
		};
		06FBAF461C6E147F0037BCCC /* Sources */ = {
			isa = PBXSourcesBuildPhase;
			buildActionMask = 2147483647;
			files = (
				06FBAF4F1C6E147F0037BCCC /* PhotoMasterTests.swift in Sources */,
			);
			runOnlyForDeploymentPostprocessing = 0;
		};
		06FBAF511C6E147F0037BCCC /* Sources */ = {
			isa = PBXSourcesBuildPhase;
			buildActionMask = 2147483647;
			files = (
				06FBAF5A1C6E147F0037BCCC /* PhotoMasterUITests.swift in Sources */,
			);
			runOnlyForDeploymentPostprocessing = 0;
		};
/* End PBXSourcesBuildPhase section */

/* Begin PBXTargetDependency section */
		06FBAF4C1C6E147F0037BCCC /* PBXTargetDependency */ = {
			isa = PBXTargetDependency;
			target = 06FBAF351C6E147F0037BCCC /* PhotoMaster */;
			targetProxy = 06FBAF4B1C6E147F0037BCCC /* PBXContainerItemProxy */;
		};
		06FBAF571C6E147F0037BCCC /* PBXTargetDependency */ = {
			isa = PBXTargetDependency;
			target = 06FBAF351C6E147F0037BCCC /* PhotoMaster */;
			targetProxy = 06FBAF561C6E147F0037BCCC /* PBXContainerItemProxy */;
		};
/* End PBXTargetDependency section */

/* Begin PBXVariantGroup section */
		06FBAF3D1C6E147F0037BCCC /* Main.storyboard */ = {
			isa = PBXVariantGroup;
			children = (
				06FBAF3E1C6E147F0037BCCC /* Base */,
			);
			name = Main.storyboard;
			sourceTree = "<group>";
		};
		06FBAF421C6E147F0037BCCC /* LaunchScreen.storyboard */ = {
			isa = PBXVariantGroup;
			children = (
				06FBAF431C6E147F0037BCCC /* Base */,
			);
			name = LaunchScreen.storyboard;
			sourceTree = "<group>";
		};
/* End PBXVariantGroup section */

/* Begin XCBuildConfiguration section */
		06FBAF5C1C6E147F0037BCCC /* Debug */ = {
			isa = XCBuildConfiguration;
			buildSettings = {
				ALWAYS_SEARCH_USER_PATHS = NO;
				CLANG_CXX_LANGUAGE_STANDARD = "gnu++0x";
				CLANG_CXX_LIBRARY = "libc++";
				CLANG_ENABLE_MODULES = YES;
				CLANG_ENABLE_OBJC_ARC = YES;
				CLANG_WARN_BOOL_CONVERSION = YES;
				CLANG_WARN_CONSTANT_CONVERSION = YES;
				CLANG_WARN_DIRECT_OBJC_ISA_USAGE = YES_ERROR;
				CLANG_WARN_EMPTY_BODY = YES;
				CLANG_WARN_ENUM_CONVERSION = YES;
				CLANG_WARN_INT_CONVERSION = YES;
				CLANG_WARN_OBJC_ROOT_CLASS = YES_ERROR;
				CLANG_WARN_UNREACHABLE_CODE = YES;
				CLANG_WARN__DUPLICATE_METHOD_MATCH = YES;
				"CODE_SIGN_IDENTITY[sdk=iphoneos*]" = "iPhone Developer";
				COPY_PHASE_STRIP = NO;
				DEBUG_INFORMATION_FORMAT = dwarf;
				ENABLE_STRICT_OBJC_MSGSEND = YES;
				ENABLE_TESTABILITY = YES;
				GCC_C_LANGUAGE_STANDARD = gnu99;
				GCC_DYNAMIC_NO_PIC = NO;
				GCC_NO_COMMON_BLOCKS = YES;
				GCC_OPTIMIZATION_LEVEL = 0;
				GCC_PREPROCESSOR_DEFINITIONS = (
					"DEBUG=1",
					"$(inherited)",
				);
				GCC_WARN_64_TO_32_BIT_CONVERSION = YES;
				GCC_WARN_ABOUT_RETURN_TYPE = YES_ERROR;
				GCC_WARN_UNDECLARED_SELECTOR = YES;
				GCC_WARN_UNINITIALIZED_AUTOS = YES_AGGRESSIVE;
				GCC_WARN_UNUSED_FUNCTION = YES;
				GCC_WARN_UNUSED_VARIABLE = YES;
				IPHONEOS_DEPLOYMENT_TARGET = 9.2;
				MTL_ENABLE_DEBUG_INFO = YES;
				ONLY_ACTIVE_ARCH = YES;
				SDKROOT = iphoneos;
				SWIFT_OPTIMIZATION_LEVEL = "-Onone";
			};
			name = Debug;
		};
		06FBAF5D1C6E147F0037BCCC /* Release */ = {
			isa = XCBuildConfiguration;
			buildSettings = {
				ALWAYS_SEARCH_USER_PATHS = NO;
				CLANG_CXX_LANGUAGE_STANDARD = "gnu++0x";
				CLANG_CXX_LIBRARY = "libc++";
				CLANG_ENABLE_MODULES = YES;
				CLANG_ENABLE_OBJC_ARC = YES;
				CLANG_WARN_BOOL_CONVERSION = YES;
				CLANG_WARN_CONSTANT_CONVERSION = YES;
				CLANG_WARN_DIRECT_OBJC_ISA_USAGE = YES_ERROR;
				CLANG_WARN_EMPTY_BODY = YES;
				CLANG_WARN_ENUM_CONVERSION = YES;
				CLANG_WARN_INT_CONVERSION = YES;
				CLANG_WARN_OBJC_ROOT_CLASS = YES_ERROR;
				CLANG_WARN_UNREACHABLE_CODE = YES;
				CLANG_WARN__DUPLICATE_METHOD_MATCH = YES;
				"CODE_SIGN_IDENTITY[sdk=iphoneos*]" = "iPhone Developer";
				COPY_PHASE_STRIP = NO;
				DEBUG_INFORMATION_FORMAT = "dwarf-with-dsym";
				ENABLE_NS_ASSERTIONS = NO;
				ENABLE_STRICT_OBJC_MSGSEND = YES;
				GCC_C_LANGUAGE_STANDARD = gnu99;
				GCC_NO_COMMON_BLOCKS = YES;
				GCC_WARN_64_TO_32_BIT_CONVERSION = YES;
				GCC_WARN_ABOUT_RETURN_TYPE = YES_ERROR;
				GCC_WARN_UNDECLARED_SELECTOR = YES;
				GCC_WARN_UNINITIALIZED_AUTOS = YES_AGGRESSIVE;
				GCC_WARN_UNUSED_FUNCTION = YES;
				GCC_WARN_UNUSED_VARIABLE = YES;
				IPHONEOS_DEPLOYMENT_TARGET = 9.2;
				MTL_ENABLE_DEBUG_INFO = NO;
				SDKROOT = iphoneos;
				VALIDATE_PRODUCT = YES;
			};
			name = Release;
		};
		06FBAF5F1C6E147F0037BCCC /* Debug */ = {
			isa = XCBuildConfiguration;
			buildSettings = {
				ASSETCATALOG_COMPILER_APPICON_NAME = AppIcon;
				INFOPLIST_FILE = PhotoMaster/Info.plist;
				LD_RUNPATH_SEARCH_PATHS = "$(inherited) @executable_path/Frameworks";
				PRODUCT_BUNDLE_IDENTIFIER = com.litech.PhotoMaster;
				PRODUCT_NAME = "$(TARGET_NAME)";
			};
			name = Debug;
		};
		06FBAF601C6E147F0037BCCC /* Release */ = {
			isa = XCBuildConfiguration;
			buildSettings = {
				ASSETCATALOG_COMPILER_APPICON_NAME = AppIcon;
				INFOPLIST_FILE = PhotoMaster/Info.plist;
				LD_RUNPATH_SEARCH_PATHS = "$(inherited) @executable_path/Frameworks";
				PRODUCT_BUNDLE_IDENTIFIER = com.litech.PhotoMaster;
				PRODUCT_NAME = "$(TARGET_NAME)";
			};
			name = Release;
		};
		06FBAF621C6E147F0037BCCC /* Debug */ = {
			isa = XCBuildConfiguration;
			buildSettings = {
				BUNDLE_LOADER = "$(TEST_HOST)";
				INFOPLIST_FILE = PhotoMasterTests/Info.plist;
				LD_RUNPATH_SEARCH_PATHS = "$(inherited) @executable_path/Frameworks @loader_path/Frameworks";
				PRODUCT_BUNDLE_IDENTIFIER = com.litech.PhotoMasterTests;
				PRODUCT_NAME = "$(TARGET_NAME)";
				TEST_HOST = "$(BUILT_PRODUCTS_DIR)/PhotoMaster.app/PhotoMaster";
			};
			name = Debug;
		};
		06FBAF631C6E147F0037BCCC /* Release */ = {
			isa = XCBuildConfiguration;
			buildSettings = {
				BUNDLE_LOADER = "$(TEST_HOST)";
				INFOPLIST_FILE = PhotoMasterTests/Info.plist;
				LD_RUNPATH_SEARCH_PATHS = "$(inherited) @executable_path/Frameworks @loader_path/Frameworks";
				PRODUCT_BUNDLE_IDENTIFIER = com.litech.PhotoMasterTests;
				PRODUCT_NAME = "$(TARGET_NAME)";
				TEST_HOST = "$(BUILT_PRODUCTS_DIR)/PhotoMaster.app/PhotoMaster";
			};
			name = Release;
		};
		06FBAF651C6E147F0037BCCC /* Debug */ = {
			isa = XCBuildConfiguration;
			buildSettings = {
				INFOPLIST_FILE = PhotoMasterUITests/Info.plist;
				LD_RUNPATH_SEARCH_PATHS = "$(inherited) @executable_path/Frameworks @loader_path/Frameworks";
				PRODUCT_BUNDLE_IDENTIFIER = com.litech.PhotoMasterUITests;
				PRODUCT_NAME = "$(TARGET_NAME)";
				TEST_TARGET_NAME = PhotoMaster;
				USES_XCTRUNNER = YES;
			};
			name = Debug;
		};
		06FBAF661C6E147F0037BCCC /* Release */ = {
			isa = XCBuildConfiguration;
			buildSettings = {
				INFOPLIST_FILE = PhotoMasterUITests/Info.plist;
				LD_RUNPATH_SEARCH_PATHS = "$(inherited) @executable_path/Frameworks @loader_path/Frameworks";
				PRODUCT_BUNDLE_IDENTIFIER = com.litech.PhotoMasterUITests;
				PRODUCT_NAME = "$(TARGET_NAME)";
				TEST_TARGET_NAME = PhotoMaster;
				USES_XCTRUNNER = YES;
			};
			name = Release;
		};
/* End XCBuildConfiguration section */

/* Begin XCConfigurationList section */
		06FBAF311C6E147F0037BCCC /* Build configuration list for PBXProject "PhotoMaster" */ = {
			isa = XCConfigurationList;
			buildConfigurations = (
				06FBAF5C1C6E147F0037BCCC /* Debug */,
				06FBAF5D1C6E147F0037BCCC /* Release */,
			);
			defaultConfigurationIsVisible = 0;
			defaultConfigurationName = Release;
		};
		06FBAF5E1C6E147F0037BCCC /* Build configuration list for PBXNativeTarget "PhotoMaster" */ = {
			isa = XCConfigurationList;
			buildConfigurations = (
				06FBAF5F1C6E147F0037BCCC /* Debug */,
				06FBAF601C6E147F0037BCCC /* Release */,
			);
			defaultConfigurationIsVisible = 0;
		};
		06FBAF611C6E147F0037BCCC /* Build configuration list for PBXNativeTarget "PhotoMasterTests" */ = {
			isa = XCConfigurationList;
			buildConfigurations = (
				06FBAF621C6E147F0037BCCC /* Debug */,
				06FBAF631C6E147F0037BCCC /* Release */,
			);
			defaultConfigurationIsVisible = 0;
		};
		06FBAF641C6E147F0037BCCC /* Build configuration list for PBXNativeTarget "PhotoMasterUITests" */ = {
			isa = XCConfigurationList;
			buildConfigurations = (
				06FBAF651C6E147F0037BCCC /* Debug */,
				06FBAF661C6E147F0037BCCC /* Release */,
			);
			defaultConfigurationIsVisible = 0;
		};
/* End XCConfigurationList section */
	};
	rootObject = 06FBAF2E1C6E147F0037BCCC /* Project object */;
}
